// !$*UTF8*$!
{
	archiveVersion = 1;
	classes = {
	};
	objectVersion = 56;
	objects = {

/* Begin PBXBuildFile section */
		1B61C478295FCDD6003B39BC /* tabnewsiosApp.swift in Sources */ = {isa = PBXBuildFile; fileRef = 1B61C477295FCDD6003B39BC /* tabnewsiosApp.swift */; };
		1B61C47A295FCDD6003B39BC /* ContentView.swift in Sources */ = {isa = PBXBuildFile; fileRef = 1B61C479295FCDD6003B39BC /* ContentView.swift */; };
		1B61C47C295FCDD8003B39BC /* Assets.xcassets in Resources */ = {isa = PBXBuildFile; fileRef = 1B61C47B295FCDD8003B39BC /* Assets.xcassets */; };
		1B61C480295FCDD8003B39BC /* Preview Assets.xcassets in Resources */ = {isa = PBXBuildFile; fileRef = 1B61C47F295FCDD8003B39BC /* Preview Assets.xcassets */; };
		1B61C48D295FCEB5003B39BC /* tabwatchApp.swift in Sources */ = {isa = PBXBuildFile; fileRef = 1B61C48C295FCEB5003B39BC /* tabwatchApp.swift */; };
		1B61C48F295FCEB5003B39BC /* ContentView.swift in Sources */ = {isa = PBXBuildFile; fileRef = 1B61C48E295FCEB5003B39BC /* ContentView.swift */; };
		1B61C491295FCEB6003B39BC /* Assets.xcassets in Resources */ = {isa = PBXBuildFile; fileRef = 1B61C490295FCEB6003B39BC /* Assets.xcassets */; };
		1B61C494295FCEB6003B39BC /* Preview Assets.xcassets in Resources */ = {isa = PBXBuildFile; fileRef = 1B61C493295FCEB6003B39BC /* Preview Assets.xcassets */; };
		1B61C497295FCEB6003B39BC /* tabwatch Watch App.app in Embed Watch Content */ = {isa = PBXBuildFile; fileRef = 1B61C48A295FCEB4003B39BC /* tabwatch Watch App.app */; settings = {ATTRIBUTES = (RemoveHeadersOnCopy, ); }; };
		1B7CD86A2960B917007F30F3 /* markdown.json in Resources */ = {isa = PBXBuildFile; fileRef = 1B7CD8692960B917007F30F3 /* markdown.json */; };
		1B7CD86B2960B917007F30F3 /* markdown.json in Resources */ = {isa = PBXBuildFile; fileRef = 1B7CD8692960B917007F30F3 /* markdown.json */; };
		1B7CD86E2960B95D007F30F3 /* contents.json in Resources */ = {isa = PBXBuildFile; fileRef = 1B7CD86D2960B95D007F30F3 /* contents.json */; };
		1B7CD86F2960B95D007F30F3 /* contents.json in Resources */ = {isa = PBXBuildFile; fileRef = 1B7CD86D2960B95D007F30F3 /* contents.json */; };
		1B7CD8712960B975007F30F3 /* WatchConnectivityManager.swift in Sources */ = {isa = PBXBuildFile; fileRef = 1B7CD8702960B975007F30F3 /* WatchConnectivityManager.swift */; };
		1B7CD8722960B975007F30F3 /* WatchConnectivityManager.swift in Sources */ = {isa = PBXBuildFile; fileRef = 1B7CD8702960B975007F30F3 /* WatchConnectivityManager.swift */; };
		1B7CD8742960B992007F30F3 /* ContentModel.swift in Sources */ = {isa = PBXBuildFile; fileRef = 1B7CD8732960B992007F30F3 /* ContentModel.swift */; };
		1B7CD8752960B992007F30F3 /* ContentModel.swift in Sources */ = {isa = PBXBuildFile; fileRef = 1B7CD8732960B992007F30F3 /* ContentModel.swift */; };
		1B7CD8782960B9E8007F30F3 /* AttributedText.swift in Sources */ = {isa = PBXBuildFile; fileRef = 1B7CD8772960B9E8007F30F3 /* AttributedText.swift */; };
		1B7CD8792960B9E8007F30F3 /* AttributedText.swift in Sources */ = {isa = PBXBuildFile; fileRef = 1B7CD8772960B9E8007F30F3 /* AttributedText.swift */; };
		1B7CD87B2960BA02007F30F3 /* DuckView.swift in Sources */ = {isa = PBXBuildFile; fileRef = 1B7CD87A2960BA02007F30F3 /* DuckView.swift */; };
		1B7CD87E2960BA21007F30F3 /* Extensions.swift in Sources */ = {isa = PBXBuildFile; fileRef = 1B7CD87D2960BA21007F30F3 /* Extensions.swift */; };
		1B7CD8812960BA43007F30F3 /* HTML2TextParser.swift in Sources */ = {isa = PBXBuildFile; fileRef = 1B7CD8802960BA43007F30F3 /* HTML2TextParser.swift */; };
		1B7CD8822960BA43007F30F3 /* HTML2TextParser.swift in Sources */ = {isa = PBXBuildFile; fileRef = 1B7CD8802960BA43007F30F3 /* HTML2TextParser.swift */; };
		1B7CD8842960BA57007F30F3 /* MDText.swift in Sources */ = {isa = PBXBuildFile; fileRef = 1B7CD8832960BA57007F30F3 /* MDText.swift */; };
		1B7CD8852960BA58007F30F3 /* MDText.swift in Sources */ = {isa = PBXBuildFile; fileRef = 1B7CD8832960BA57007F30F3 /* MDText.swift */; };
		1B7CD8882960BA82007F30F3 /* ApiRequest.swift in Sources */ = {isa = PBXBuildFile; fileRef = 1B7CD8872960BA81007F30F3 /* ApiRequest.swift */; };
		1B7CD8892960BA82007F30F3 /* ApiRequest.swift in Sources */ = {isa = PBXBuildFile; fileRef = 1B7CD8872960BA81007F30F3 /* ApiRequest.swift */; };
		1B7CD88B2960BAA2007F30F3 /* HTMLView.swift in Sources */ = {isa = PBXBuildFile; fileRef = 1B7CD88A2960BAA2007F30F3 /* HTMLView.swift */; };
		1B7CD8902960BB03007F30F3 /* CustomOptionView.swift in Sources */ = {isa = PBXBuildFile; fileRef = 1B7CD88F2960BB03007F30F3 /* CustomOptionView.swift */; };
		1B7CD8932960BB24007F30F3 /* SearchBar.swift in Sources */ = {isa = PBXBuildFile; fileRef = 1B7CD8922960BB24007F30F3 /* SearchBar.swift */; };
		1B7CD8962960BB6E007F30F3 /* SettingsView.swift in Sources */ = {isa = PBXBuildFile; fileRef = 1B7CD8952960BB6E007F30F3 /* SettingsView.swift */; };
		1B7CD89C2960BBB2007F30F3 /* LikedList.swift in Sources */ = {isa = PBXBuildFile; fileRef = 1B7CD89B2960BBB2007F30F3 /* LikedList.swift */; };
		1B7CD89F2960BBD5007F30F3 /* ContentDetailView.swift in Sources */ = {isa = PBXBuildFile; fileRef = 1B7CD89E2960BBD5007F30F3 /* ContentDetailView.swift */; };
		1B7CD8A22960BBF1007F30F3 /* ListDetailView.swift in Sources */ = {isa = PBXBuildFile; fileRef = 1B7CD8A12960BBF1007F30F3 /* ListDetailView.swift */; };
		1B7CD8A52960BC12007F30F3 /* ListView.swift in Sources */ = {isa = PBXBuildFile; fileRef = 1B7CD8A42960BC12007F30F3 /* ListView.swift */; };
		1B7CD8A82960BC26007F30F3 /* ListComponent.swift in Sources */ = {isa = PBXBuildFile; fileRef = 1B7CD8A72960BC26007F30F3 /* ListComponent.swift */; };
		1B7CD8AC2960BC89007F30F3 /* SwiftUISnackbar in Frameworks */ = {isa = PBXBuildFile; productRef = 1B7CD8AB2960BC89007F30F3 /* SwiftUISnackbar */; };
		1B7CD8AE2960BCAC007F30F3 /* ListViewModel.swift in Sources */ = {isa = PBXBuildFile; fileRef = 1B7CD8AD2960BCAC007F30F3 /* ListViewModel.swift */; };
		1B9FB65929622A07002841DE /* ListDetailWatch.swift in Sources */ = {isa = PBXBuildFile; fileRef = 1B9FB65829622A07002841DE /* ListDetailWatch.swift */; };
		1B9FB65A29622A8F002841DE /* Extensions.swift in Sources */ = {isa = PBXBuildFile; fileRef = 1B7CD87D2960BA21007F30F3 /* Extensions.swift */; };
		1B9FB65C29624043002841DE /* LikedContent.swift in Sources */ = {isa = PBXBuildFile; fileRef = 1B9FB65B29624043002841DE /* LikedContent.swift */; };
		1B9FB65E296240D2002841DE /* ContentList.swift in Sources */ = {isa = PBXBuildFile; fileRef = 1B9FB65D296240D2002841DE /* ContentList.swift */; };
		1B9FB65F296245D2002841DE /* ListViewModel.swift in Sources */ = {isa = PBXBuildFile; fileRef = 1B7CD8AD2960BCAC007F30F3 /* ListViewModel.swift */; };
/* End PBXBuildFile section */

/* Begin PBXContainerItemProxy section */
		1B61C495295FCEB6003B39BC /* PBXContainerItemProxy */ = {
			isa = PBXContainerItemProxy;
			containerPortal = 1B61C46C295FCDD6003B39BC /* Project object */;
			proxyType = 1;
			remoteGlobalIDString = 1B61C489295FCEB4003B39BC;
			remoteInfo = "tabwatch Watch App";
		};
/* End PBXContainerItemProxy section */

/* Begin PBXCopyFilesBuildPhase section */
		1B61C49B295FCEB6003B39BC /* Embed Watch Content */ = {
			isa = PBXCopyFilesBuildPhase;
			buildActionMask = 8;
			dstPath = "$(CONTENTS_FOLDER_PATH)/Watch";
			dstSubfolderSpec = 16;
			files = (
				1B61C497295FCEB6003B39BC /* tabwatch Watch App.app in Embed Watch Content */,
			);
			name = "Embed Watch Content";
			runOnlyForDeploymentPostprocessing = 1;
		};
/* End PBXCopyFilesBuildPhase section */

/* Begin PBXFileReference section */
		1B61C474295FCDD6003B39BC /* tabnewsios.app */ = {isa = PBXFileReference; explicitFileType = wrapper.application; includeInIndex = 0; path = tabnewsios.app; sourceTree = BUILT_PRODUCTS_DIR; };
		1B61C477295FCDD6003B39BC /* tabnewsiosApp.swift */ = {isa = PBXFileReference; lastKnownFileType = sourcecode.swift; path = tabnewsiosApp.swift; sourceTree = "<group>"; };
		1B61C479295FCDD6003B39BC /* ContentView.swift */ = {isa = PBXFileReference; lastKnownFileType = sourcecode.swift; path = ContentView.swift; sourceTree = "<group>"; };
		1B61C47B295FCDD8003B39BC /* Assets.xcassets */ = {isa = PBXFileReference; lastKnownFileType = folder.assetcatalog; path = Assets.xcassets; sourceTree = "<group>"; };
		1B61C47D295FCDD8003B39BC /* tabnewsios.entitlements */ = {isa = PBXFileReference; lastKnownFileType = text.plist.entitlements; path = tabnewsios.entitlements; sourceTree = "<group>"; };
		1B61C47F295FCDD8003B39BC /* Preview Assets.xcassets */ = {isa = PBXFileReference; lastKnownFileType = folder.assetcatalog; path = "Preview Assets.xcassets"; sourceTree = "<group>"; };
		1B61C48A295FCEB4003B39BC /* tabwatch Watch App.app */ = {isa = PBXFileReference; explicitFileType = wrapper.application; includeInIndex = 0; path = "tabwatch Watch App.app"; sourceTree = BUILT_PRODUCTS_DIR; };
		1B61C48C295FCEB5003B39BC /* tabwatchApp.swift */ = {isa = PBXFileReference; lastKnownFileType = sourcecode.swift; path = tabwatchApp.swift; sourceTree = "<group>"; };
		1B61C48E295FCEB5003B39BC /* ContentView.swift */ = {isa = PBXFileReference; lastKnownFileType = sourcecode.swift; path = ContentView.swift; sourceTree = "<group>"; };
		1B61C490295FCEB6003B39BC /* Assets.xcassets */ = {isa = PBXFileReference; lastKnownFileType = folder.assetcatalog; path = Assets.xcassets; sourceTree = "<group>"; };
		1B61C493295FCEB6003B39BC /* Preview Assets.xcassets */ = {isa = PBXFileReference; lastKnownFileType = folder.assetcatalog; path = "Preview Assets.xcassets"; sourceTree = "<group>"; };
		1B7CD8692960B917007F30F3 /* markdown.json */ = {isa = PBXFileReference; lastKnownFileType = text.json; path = markdown.json; sourceTree = "<group>"; };
		1B7CD86D2960B95D007F30F3 /* contents.json */ = {isa = PBXFileReference; lastKnownFileType = text.json; path = contents.json; sourceTree = "<group>"; };
		1B7CD8702960B975007F30F3 /* WatchConnectivityManager.swift */ = {isa = PBXFileReference; lastKnownFileType = sourcecode.swift; path = WatchConnectivityManager.swift; sourceTree = "<group>"; };
		1B7CD8732960B992007F30F3 /* ContentModel.swift */ = {isa = PBXFileReference; lastKnownFileType = sourcecode.swift; path = ContentModel.swift; sourceTree = "<group>"; };
		1B7CD8772960B9E8007F30F3 /* AttributedText.swift */ = {isa = PBXFileReference; lastKnownFileType = sourcecode.swift; path = AttributedText.swift; sourceTree = "<group>"; };
		1B7CD87A2960BA02007F30F3 /* DuckView.swift */ = {isa = PBXFileReference; lastKnownFileType = sourcecode.swift; path = DuckView.swift; sourceTree = "<group>"; };
		1B7CD87D2960BA21007F30F3 /* Extensions.swift */ = {isa = PBXFileReference; lastKnownFileType = sourcecode.swift; path = Extensions.swift; sourceTree = "<group>"; };
		1B7CD8802960BA43007F30F3 /* HTML2TextParser.swift */ = {isa = PBXFileReference; lastKnownFileType = sourcecode.swift; path = HTML2TextParser.swift; sourceTree = "<group>"; };
		1B7CD8832960BA57007F30F3 /* MDText.swift */ = {isa = PBXFileReference; lastKnownFileType = sourcecode.swift; path = MDText.swift; sourceTree = "<group>"; };
		1B7CD8872960BA81007F30F3 /* ApiRequest.swift */ = {isa = PBXFileReference; lastKnownFileType = sourcecode.swift; path = ApiRequest.swift; sourceTree = "<group>"; };
		1B7CD88A2960BAA2007F30F3 /* HTMLView.swift */ = {isa = PBXFileReference; lastKnownFileType = sourcecode.swift; path = HTMLView.swift; sourceTree = "<group>"; };
		1B7CD88F2960BB03007F30F3 /* CustomOptionView.swift */ = {isa = PBXFileReference; lastKnownFileType = sourcecode.swift; path = CustomOptionView.swift; sourceTree = "<group>"; };
		1B7CD8922960BB24007F30F3 /* SearchBar.swift */ = {isa = PBXFileReference; lastKnownFileType = sourcecode.swift; path = SearchBar.swift; sourceTree = "<group>"; };
		1B7CD8952960BB6E007F30F3 /* SettingsView.swift */ = {isa = PBXFileReference; lastKnownFileType = sourcecode.swift; path = SettingsView.swift; sourceTree = "<group>"; };
		1B7CD89B2960BBB2007F30F3 /* LikedList.swift */ = {isa = PBXFileReference; lastKnownFileType = sourcecode.swift; path = LikedList.swift; sourceTree = "<group>"; };
		1B7CD89E2960BBD5007F30F3 /* ContentDetailView.swift */ = {isa = PBXFileReference; lastKnownFileType = sourcecode.swift; path = ContentDetailView.swift; sourceTree = "<group>"; };
		1B7CD8A12960BBF1007F30F3 /* ListDetailView.swift */ = {isa = PBXFileReference; lastKnownFileType = sourcecode.swift; path = ListDetailView.swift; sourceTree = "<group>"; };
		1B7CD8A42960BC12007F30F3 /* ListView.swift */ = {isa = PBXFileReference; lastKnownFileType = sourcecode.swift; path = ListView.swift; sourceTree = "<group>"; };
		1B7CD8A72960BC26007F30F3 /* ListComponent.swift */ = {isa = PBXFileReference; lastKnownFileType = sourcecode.swift; path = ListComponent.swift; sourceTree = "<group>"; };
		1B7CD8AD2960BCAC007F30F3 /* ListViewModel.swift */ = {isa = PBXFileReference; lastKnownFileType = sourcecode.swift; path = ListViewModel.swift; sourceTree = "<group>"; };
		1B9FB65829622A07002841DE /* ListDetailWatch.swift */ = {isa = PBXFileReference; lastKnownFileType = sourcecode.swift; path = ListDetailWatch.swift; sourceTree = "<group>"; };
		1B9FB65B29624043002841DE /* LikedContent.swift */ = {isa = PBXFileReference; lastKnownFileType = sourcecode.swift; path = LikedContent.swift; sourceTree = "<group>"; };
		1B9FB65D296240D2002841DE /* ContentList.swift */ = {isa = PBXFileReference; lastKnownFileType = sourcecode.swift; path = ContentList.swift; sourceTree = "<group>"; };
/* End PBXFileReference section */

/* Begin PBXFrameworksBuildPhase section */
		1B61C471295FCDD6003B39BC /* Frameworks */ = {
			isa = PBXFrameworksBuildPhase;
			buildActionMask = 2147483647;
			files = (
				1B7CD8AC2960BC89007F30F3 /* SwiftUISnackbar in Frameworks */,
			);
			runOnlyForDeploymentPostprocessing = 0;
		};
		1B61C487295FCEB4003B39BC /* Frameworks */ = {
			isa = PBXFrameworksBuildPhase;
			buildActionMask = 2147483647;
			files = (
			);
			runOnlyForDeploymentPostprocessing = 0;
		};
/* End PBXFrameworksBuildPhase section */

/* Begin PBXGroup section */
		1B61C46B295FCDD6003B39BC = {
			isa = PBXGroup;
			children = (
				1B7CD8682960B8EF007F30F3 /* Shared */,
				1B61C476295FCDD6003B39BC /* tabnewsios */,
				1B61C48B295FCEB5003B39BC /* tabwatch Watch App */,
				1B61C475295FCDD6003B39BC /* Products */,
			);
			sourceTree = "<group>";
		};
		1B61C475295FCDD6003B39BC /* Products */ = {
			isa = PBXGroup;
			children = (
				1B61C474295FCDD6003B39BC /* tabnewsios.app */,
				1B61C48A295FCEB4003B39BC /* tabwatch Watch App.app */,
			);
			name = Products;
			sourceTree = "<group>";
		};
		1B61C476295FCDD6003B39BC /* tabnewsios */ = {
			isa = PBXGroup;
			children = (
				1B7CD88D2960BAC7007F30F3 /* Views */,
				1B7CD8762960B9D5007F30F3 /* Helpers */,
				1B7CD8862960BA6E007F30F3 /* Services */,
				1B61C477295FCDD6003B39BC /* tabnewsiosApp.swift */,
				1B61C47B295FCDD8003B39BC /* Assets.xcassets */,
				1B61C47D295FCDD8003B39BC /* tabnewsios.entitlements */,
				1B61C47E295FCDD8003B39BC /* Preview Content */,
			);
			path = tabnewsios;
			sourceTree = "<group>";
		};
		1B61C47E295FCDD8003B39BC /* Preview Content */ = {
			isa = PBXGroup;
			children = (
				1B61C47F295FCDD8003B39BC /* Preview Assets.xcassets */,
			);
			path = "Preview Content";
			sourceTree = "<group>";
		};
		1B61C48B295FCEB5003B39BC /* tabwatch Watch App */ = {
			isa = PBXGroup;
			children = (
				1B61C48E295FCEB5003B39BC /* ContentView.swift */,
				1B9FB65B29624043002841DE /* LikedContent.swift */,
				1B9FB65D296240D2002841DE /* ContentList.swift */,
				1B9FB65829622A07002841DE /* ListDetailWatch.swift */,
				1B61C490295FCEB6003B39BC /* Assets.xcassets */,
				1B61C492295FCEB6003B39BC /* Preview Content */,
			);
			path = "tabwatch Watch App";
			sourceTree = "<group>";
		};
		1B61C492295FCEB6003B39BC /* Preview Content */ = {
			isa = PBXGroup;
			children = (
				1B61C493295FCEB6003B39BC /* Preview Assets.xcassets */,
				1B61C48C295FCEB5003B39BC /* tabwatchApp.swift */,
			);
			path = "Preview Content";
			sourceTree = "<group>";
		};
		1B7CD8682960B8EF007F30F3 /* Shared */ = {
			isa = PBXGroup;
			children = (
				1B7CD86C2960B927007F30F3 /* HardCode Data */,
				1B7CD8702960B975007F30F3 /* WatchConnectivityManager.swift */,
				1B7CD8732960B992007F30F3 /* ContentModel.swift */,
			);
			path = Shared;
			sourceTree = "<group>";
		};
		1B7CD86C2960B927007F30F3 /* HardCode Data */ = {
			isa = PBXGroup;
			children = (
				1B7CD8692960B917007F30F3 /* markdown.json */,
				1B7CD86D2960B95D007F30F3 /* contents.json */,
			);
			path = "HardCode Data";
			sourceTree = "<group>";
		};
		1B7CD8762960B9D5007F30F3 /* Helpers */ = {
			isa = PBXGroup;
			children = (
				1B7CD8772960B9E8007F30F3 /* AttributedText.swift */,
				1B7CD87A2960BA02007F30F3 /* DuckView.swift */,
				1B7CD87D2960BA21007F30F3 /* Extensions.swift */,
				1B7CD8802960BA43007F30F3 /* HTML2TextParser.swift */,
				1B7CD8832960BA57007F30F3 /* MDText.swift */,
				1B7CD88A2960BAA2007F30F3 /* HTMLView.swift */,
			);
			path = Helpers;
			sourceTree = "<group>";
		};
		1B7CD8862960BA6E007F30F3 /* Services */ = {
			isa = PBXGroup;
			children = (
				1B7CD8872960BA81007F30F3 /* ApiRequest.swift */,
			);
			path = Services;
			sourceTree = "<group>";
		};
		1B7CD88D2960BAC7007F30F3 /* Views */ = {
			isa = PBXGroup;
			children = (
				1B7CD8AD2960BCAC007F30F3 /* ListViewModel.swift */,
				1B7CD8952960BB6E007F30F3 /* SettingsView.swift */,
				1B61C479295FCDD6003B39BC /* ContentView.swift */,
				1B7CD8992960BB92007F30F3 /* Detail List */,
				1B7CD89A2960BB9F007F30F3 /* List View */,
				1B7CD8982960BB8A007F30F3 /* Liked List */,
				1B7CD88E2960BACA007F30F3 /* Components */,
			);
			path = Views;
			sourceTree = "<group>";
		};
		1B7CD88E2960BACA007F30F3 /* Components */ = {
			isa = PBXGroup;
			children = (
				1B7CD88F2960BB03007F30F3 /* CustomOptionView.swift */,
				1B7CD8922960BB24007F30F3 /* SearchBar.swift */,
			);
			path = Components;
			sourceTree = "<group>";
		};
		1B7CD8982960BB8A007F30F3 /* Liked List */ = {
			isa = PBXGroup;
			children = (
				1B7CD89B2960BBB2007F30F3 /* LikedList.swift */,
			);
			path = "Liked List";
			sourceTree = "<group>";
		};
		1B7CD8992960BB92007F30F3 /* Detail List */ = {
			isa = PBXGroup;
			children = (
				1B7CD89E2960BBD5007F30F3 /* ContentDetailView.swift */,
				1B7CD8A12960BBF1007F30F3 /* ListDetailView.swift */,
			);
			path = "Detail List";
			sourceTree = "<group>";
		};
		1B7CD89A2960BB9F007F30F3 /* List View */ = {
			isa = PBXGroup;
			children = (
				1B7CD8A42960BC12007F30F3 /* ListView.swift */,
				1B7CD8A72960BC26007F30F3 /* ListComponent.swift */,
			);
			path = "List View";
			sourceTree = "<group>";
		};
/* End PBXGroup section */

/* Begin PBXNativeTarget section */
		1B61C473295FCDD6003B39BC /* tabnewsios */ = {
			isa = PBXNativeTarget;
			buildConfigurationList = 1B61C483295FCDD8003B39BC /* Build configuration list for PBXNativeTarget "tabnewsios" */;
			buildPhases = (
				1B61C470295FCDD6003B39BC /* Sources */,
				1B61C471295FCDD6003B39BC /* Frameworks */,
				1B61C472295FCDD6003B39BC /* Resources */,
				1B61C49B295FCEB6003B39BC /* Embed Watch Content */,
			);
			buildRules = (
			);
			dependencies = (
				1B61C496295FCEB6003B39BC /* PBXTargetDependency */,
			);
			name = tabnewsios;
			packageProductDependencies = (
				1B7CD8AB2960BC89007F30F3 /* SwiftUISnackbar */,
			);
			productName = tabnewsios;
			productReference = 1B61C474295FCDD6003B39BC /* tabnewsios.app */;
			productType = "com.apple.product-type.application";
		};
		1B61C489295FCEB4003B39BC /* tabwatch Watch App */ = {
			isa = PBXNativeTarget;
			buildConfigurationList = 1B61C498295FCEB6003B39BC /* Build configuration list for PBXNativeTarget "tabwatch Watch App" */;
			buildPhases = (
				1B61C486295FCEB4003B39BC /* Sources */,
				1B61C487295FCEB4003B39BC /* Frameworks */,
				1B61C488295FCEB4003B39BC /* Resources */,
			);
			buildRules = (
			);
			dependencies = (
			);
			name = "tabwatch Watch App";
			productName = "tabwatch Watch App";
			productReference = 1B61C48A295FCEB4003B39BC /* tabwatch Watch App.app */;
			productType = "com.apple.product-type.application";
		};
/* End PBXNativeTarget section */

/* Begin PBXProject section */
		1B61C46C295FCDD6003B39BC /* Project object */ = {
			isa = PBXProject;
			attributes = {
				BuildIndependentTargetsInParallel = 1;
				LastSwiftUpdateCheck = 1420;
				LastUpgradeCheck = 1420;
				TargetAttributes = {
					1B61C473295FCDD6003B39BC = {
						CreatedOnToolsVersion = 14.2;
					};
					1B61C489295FCEB4003B39BC = {
						CreatedOnToolsVersion = 14.2;
					};
				};
			};
			buildConfigurationList = 1B61C46F295FCDD6003B39BC /* Build configuration list for PBXProject "tabnewsios" */;
			compatibilityVersion = "Xcode 14.0";
			developmentRegion = en;
			hasScannedForEncodings = 0;
			knownRegions = (
				en,
				Base,
			);
			mainGroup = 1B61C46B295FCDD6003B39BC;
			packageReferences = (
				1B7CD8AA2960BC89007F30F3 /* XCRemoteSwiftPackageReference "SwiftUISnackbar" */,
			);
			productRefGroup = 1B61C475295FCDD6003B39BC /* Products */;
			projectDirPath = "";
			projectRoot = "";
			targets = (
				1B61C473295FCDD6003B39BC /* tabnewsios */,
				1B61C489295FCEB4003B39BC /* tabwatch Watch App */,
			);
		};
/* End PBXProject section */

/* Begin PBXResourcesBuildPhase section */
		1B61C472295FCDD6003B39BC /* Resources */ = {
			isa = PBXResourcesBuildPhase;
			buildActionMask = 2147483647;
			files = (
				1B61C480295FCDD8003B39BC /* Preview Assets.xcassets in Resources */,
				1B7CD86A2960B917007F30F3 /* markdown.json in Resources */,
				1B61C47C295FCDD8003B39BC /* Assets.xcassets in Resources */,
				1B7CD86E2960B95D007F30F3 /* contents.json in Resources */,
			);
			runOnlyForDeploymentPostprocessing = 0;
		};
		1B61C488295FCEB4003B39BC /* Resources */ = {
			isa = PBXResourcesBuildPhase;
			buildActionMask = 2147483647;
			files = (
				1B61C494295FCEB6003B39BC /* Preview Assets.xcassets in Resources */,
				1B7CD86B2960B917007F30F3 /* markdown.json in Resources */,
				1B61C491295FCEB6003B39BC /* Assets.xcassets in Resources */,
				1B7CD86F2960B95D007F30F3 /* contents.json in Resources */,
			);
			runOnlyForDeploymentPostprocessing = 0;
		};
/* End PBXResourcesBuildPhase section */

/* Begin PBXSourcesBuildPhase section */
		1B61C470295FCDD6003B39BC /* Sources */ = {
			isa = PBXSourcesBuildPhase;
			buildActionMask = 2147483647;
			files = (
				1B7CD8932960BB24007F30F3 /* SearchBar.swift in Sources */,
				1B7CD8712960B975007F30F3 /* WatchConnectivityManager.swift in Sources */,
				1B7CD8812960BA43007F30F3 /* HTML2TextParser.swift in Sources */,
				1B7CD89C2960BBB2007F30F3 /* LikedList.swift in Sources */,
				1B7CD8742960B992007F30F3 /* ContentModel.swift in Sources */,
				1B7CD8A22960BBF1007F30F3 /* ListDetailView.swift in Sources */,
				1B7CD8A82960BC26007F30F3 /* ListComponent.swift in Sources */,
				1B61C47A295FCDD6003B39BC /* ContentView.swift in Sources */,
				1B7CD8902960BB03007F30F3 /* CustomOptionView.swift in Sources */,
				1B7CD8A52960BC12007F30F3 /* ListView.swift in Sources */,
				1B7CD8AE2960BCAC007F30F3 /* ListViewModel.swift in Sources */,
				1B7CD8782960B9E8007F30F3 /* AttributedText.swift in Sources */,
				1B7CD8962960BB6E007F30F3 /* SettingsView.swift in Sources */,
				1B61C478295FCDD6003B39BC /* tabnewsiosApp.swift in Sources */,
				1B7CD8842960BA57007F30F3 /* MDText.swift in Sources */,
				1B7CD89F2960BBD5007F30F3 /* ContentDetailView.swift in Sources */,
				1B7CD87B2960BA02007F30F3 /* DuckView.swift in Sources */,
				1B7CD8882960BA82007F30F3 /* ApiRequest.swift in Sources */,
				1B7CD88B2960BAA2007F30F3 /* HTMLView.swift in Sources */,
				1B7CD87E2960BA21007F30F3 /* Extensions.swift in Sources */,
			);
			runOnlyForDeploymentPostprocessing = 0;
		};
		1B61C486295FCEB4003B39BC /* Sources */ = {
			isa = PBXSourcesBuildPhase;
			buildActionMask = 2147483647;
			files = (
				1B7CD8722960B975007F30F3 /* WatchConnectivityManager.swift in Sources */,
				1B9FB65C29624043002841DE /* LikedContent.swift in Sources */,
				1B7CD8822960BA43007F30F3 /* HTML2TextParser.swift in Sources */,
				1B7CD8752960B992007F30F3 /* ContentModel.swift in Sources */,
				1B61C48F295FCEB5003B39BC /* ContentView.swift in Sources */,
				1B7CD8792960B9E8007F30F3 /* AttributedText.swift in Sources */,
				1B9FB65E296240D2002841DE /* ContentList.swift in Sources */,
				1B61C48D295FCEB5003B39BC /* tabwatchApp.swift in Sources */,
				1B7CD8852960BA58007F30F3 /* MDText.swift in Sources */,
				1B9FB65F296245D2002841DE /* ListViewModel.swift in Sources */,
				1B9FB65929622A07002841DE /* ListDetailWatch.swift in Sources */,
				1B9FB65A29622A8F002841DE /* Extensions.swift in Sources */,
				1B7CD8892960BA82007F30F3 /* ApiRequest.swift in Sources */,
			);
			runOnlyForDeploymentPostprocessing = 0;
		};
/* End PBXSourcesBuildPhase section */

/* Begin PBXTargetDependency section */
		1B61C496295FCEB6003B39BC /* PBXTargetDependency */ = {
			isa = PBXTargetDependency;
			target = 1B61C489295FCEB4003B39BC /* tabwatch Watch App */;
			targetProxy = 1B61C495295FCEB6003B39BC /* PBXContainerItemProxy */;
		};
/* End PBXTargetDependency section */

/* Begin XCBuildConfiguration section */
		1B61C481295FCDD8003B39BC /* Debug */ = {
			isa = XCBuildConfiguration;
			buildSettings = {
				ALWAYS_SEARCH_USER_PATHS = NO;
				CLANG_ANALYZER_NONNULL = YES;
				CLANG_ANALYZER_NUMBER_OBJECT_CONVERSION = YES_AGGRESSIVE;
				CLANG_CXX_LANGUAGE_STANDARD = "gnu++20";
				CLANG_ENABLE_MODULES = YES;
				CLANG_ENABLE_OBJC_ARC = YES;
				CLANG_ENABLE_OBJC_WEAK = YES;
				CLANG_WARN_BLOCK_CAPTURE_AUTORELEASING = YES;
				CLANG_WARN_BOOL_CONVERSION = YES;
				CLANG_WARN_COMMA = YES;
				CLANG_WARN_CONSTANT_CONVERSION = YES;
				CLANG_WARN_DEPRECATED_OBJC_IMPLEMENTATIONS = YES;
				CLANG_WARN_DIRECT_OBJC_ISA_USAGE = YES_ERROR;
				CLANG_WARN_DOCUMENTATION_COMMENTS = YES;
				CLANG_WARN_EMPTY_BODY = YES;
				CLANG_WARN_ENUM_CONVERSION = YES;
				CLANG_WARN_INFINITE_RECURSION = YES;
				CLANG_WARN_INT_CONVERSION = YES;
				CLANG_WARN_NON_LITERAL_NULL_CONVERSION = YES;
				CLANG_WARN_OBJC_IMPLICIT_RETAIN_SELF = YES;
				CLANG_WARN_OBJC_LITERAL_CONVERSION = YES;
				CLANG_WARN_OBJC_ROOT_CLASS = YES_ERROR;
				CLANG_WARN_QUOTED_INCLUDE_IN_FRAMEWORK_HEADER = YES;
				CLANG_WARN_RANGE_LOOP_ANALYSIS = YES;
				CLANG_WARN_STRICT_PROTOTYPES = YES;
				CLANG_WARN_SUSPICIOUS_MOVE = YES;
				CLANG_WARN_UNGUARDED_AVAILABILITY = YES_AGGRESSIVE;
				CLANG_WARN_UNREACHABLE_CODE = YES;
				CLANG_WARN__DUPLICATE_METHOD_MATCH = YES;
				COPY_PHASE_STRIP = NO;
				DEBUG_INFORMATION_FORMAT = dwarf;
				ENABLE_STRICT_OBJC_MSGSEND = YES;
				ENABLE_TESTABILITY = YES;
				GCC_C_LANGUAGE_STANDARD = gnu11;
				GCC_DYNAMIC_NO_PIC = NO;
				GCC_NO_COMMON_BLOCKS = YES;
				GCC_OPTIMIZATION_LEVEL = 0;
				GCC_PREPROCESSOR_DEFINITIONS = (
					"DEBUG=1",
					"$(inherited)",
				);
				GCC_WARN_64_TO_32_BIT_CONVERSION = YES;
				GCC_WARN_ABOUT_RETURN_TYPE = YES_ERROR;
				GCC_WARN_UNDECLARED_SELECTOR = YES;
				GCC_WARN_UNINITIALIZED_AUTOS = YES_AGGRESSIVE;
				GCC_WARN_UNUSED_FUNCTION = YES;
				GCC_WARN_UNUSED_VARIABLE = YES;
				MTL_ENABLE_DEBUG_INFO = INCLUDE_SOURCE;
				MTL_FAST_MATH = YES;
				ONLY_ACTIVE_ARCH = YES;
				SWIFT_ACTIVE_COMPILATION_CONDITIONS = DEBUG;
				SWIFT_OPTIMIZATION_LEVEL = "-Onone";
			};
			name = Debug;
		};
		1B61C482295FCDD8003B39BC /* Release */ = {
			isa = XCBuildConfiguration;
			buildSettings = {
				ALWAYS_SEARCH_USER_PATHS = NO;
				CLANG_ANALYZER_NONNULL = YES;
				CLANG_ANALYZER_NUMBER_OBJECT_CONVERSION = YES_AGGRESSIVE;
				CLANG_CXX_LANGUAGE_STANDARD = "gnu++20";
				CLANG_ENABLE_MODULES = YES;
				CLANG_ENABLE_OBJC_ARC = YES;
				CLANG_ENABLE_OBJC_WEAK = YES;
				CLANG_WARN_BLOCK_CAPTURE_AUTORELEASING = YES;
				CLANG_WARN_BOOL_CONVERSION = YES;
				CLANG_WARN_COMMA = YES;
				CLANG_WARN_CONSTANT_CONVERSION = YES;
				CLANG_WARN_DEPRECATED_OBJC_IMPLEMENTATIONS = YES;
				CLANG_WARN_DIRECT_OBJC_ISA_USAGE = YES_ERROR;
				CLANG_WARN_DOCUMENTATION_COMMENTS = YES;
				CLANG_WARN_EMPTY_BODY = YES;
				CLANG_WARN_ENUM_CONVERSION = YES;
				CLANG_WARN_INFINITE_RECURSION = YES;
				CLANG_WARN_INT_CONVERSION = YES;
				CLANG_WARN_NON_LITERAL_NULL_CONVERSION = YES;
				CLANG_WARN_OBJC_IMPLICIT_RETAIN_SELF = YES;
				CLANG_WARN_OBJC_LITERAL_CONVERSION = YES;
				CLANG_WARN_OBJC_ROOT_CLASS = YES_ERROR;
				CLANG_WARN_QUOTED_INCLUDE_IN_FRAMEWORK_HEADER = YES;
				CLANG_WARN_RANGE_LOOP_ANALYSIS = YES;
				CLANG_WARN_STRICT_PROTOTYPES = YES;
				CLANG_WARN_SUSPICIOUS_MOVE = YES;
				CLANG_WARN_UNGUARDED_AVAILABILITY = YES_AGGRESSIVE;
				CLANG_WARN_UNREACHABLE_CODE = YES;
				CLANG_WARN__DUPLICATE_METHOD_MATCH = YES;
				COPY_PHASE_STRIP = NO;
				DEBUG_INFORMATION_FORMAT = "dwarf-with-dsym";
				ENABLE_NS_ASSERTIONS = NO;
				ENABLE_STRICT_OBJC_MSGSEND = YES;
				GCC_C_LANGUAGE_STANDARD = gnu11;
				GCC_NO_COMMON_BLOCKS = YES;
				GCC_WARN_64_TO_32_BIT_CONVERSION = YES;
				GCC_WARN_ABOUT_RETURN_TYPE = YES_ERROR;
				GCC_WARN_UNDECLARED_SELECTOR = YES;
				GCC_WARN_UNINITIALIZED_AUTOS = YES_AGGRESSIVE;
				GCC_WARN_UNUSED_FUNCTION = YES;
				GCC_WARN_UNUSED_VARIABLE = YES;
				MTL_ENABLE_DEBUG_INFO = NO;
				MTL_FAST_MATH = YES;
				SWIFT_COMPILATION_MODE = wholemodule;
				SWIFT_OPTIMIZATION_LEVEL = "-O";
			};
			name = Release;
		};
		1B61C484295FCDD8003B39BC /* Debug */ = {
			isa = XCBuildConfiguration;
			buildSettings = {
				ALWAYS_EMBED_SWIFT_STANDARD_LIBRARIES = YES;
				ASSETCATALOG_COMPILER_APPICON_NAME = AppIcon;
				ASSETCATALOG_COMPILER_GLOBAL_ACCENT_COLOR_NAME = AccentColor;
				CODE_SIGN_ENTITLEMENTS = tabnewsios/tabnewsios.entitlements;
				CODE_SIGN_STYLE = Automatic;
				CURRENT_PROJECT_VERSION = 1;
				DEVELOPMENT_ASSET_PATHS = "\"tabnewsios/Preview Content\"";
				DEVELOPMENT_TEAM = YM283LC5H4;
				ENABLE_HARDENED_RUNTIME = YES;
				ENABLE_PREVIEWS = YES;
				GENERATE_INFOPLIST_FILE = YES;
				"INFOPLIST_KEY_UIApplicationSceneManifest_Generation[sdk=iphoneos*]" = YES;
				"INFOPLIST_KEY_UIApplicationSceneManifest_Generation[sdk=iphonesimulator*]" = YES;
				"INFOPLIST_KEY_UIApplicationSupportsIndirectInputEvents[sdk=iphoneos*]" = YES;
				"INFOPLIST_KEY_UIApplicationSupportsIndirectInputEvents[sdk=iphonesimulator*]" = YES;
				"INFOPLIST_KEY_UILaunchScreen_Generation[sdk=iphoneos*]" = YES;
				"INFOPLIST_KEY_UILaunchScreen_Generation[sdk=iphonesimulator*]" = YES;
				"INFOPLIST_KEY_UIStatusBarStyle[sdk=iphoneos*]" = UIStatusBarStyleDefault;
				"INFOPLIST_KEY_UIStatusBarStyle[sdk=iphonesimulator*]" = UIStatusBarStyleDefault;
				INFOPLIST_KEY_UISupportedInterfaceOrientations = UIInterfaceOrientationPortrait;
				IPHONEOS_DEPLOYMENT_TARGET = 16.2;
				LD_RUNPATH_SEARCH_PATHS = "@executable_path/Frameworks";
				"LD_RUNPATH_SEARCH_PATHS[sdk=macosx*]" = "@executable_path/../Frameworks";
				MACOSX_DEPLOYMENT_TARGET = 13.1;
				MARKETING_VERSION = 1.0;
				PRODUCT_BUNDLE_IDENTIFIER = luizmellodev.tabnewsios;
				PRODUCT_NAME = "$(TARGET_NAME)";
				SDKROOT = auto;
				SUPPORTED_PLATFORMS = "iphoneos iphonesimulator";
				SUPPORTS_MACCATALYST = NO;
				SUPPORTS_MAC_DESIGNED_FOR_IPHONE_IPAD = NO;
				SWIFT_EMIT_LOC_STRINGS = YES;
				SWIFT_VERSION = 5.0;
				TARGETED_DEVICE_FAMILY = "1,2";
			};
			name = Debug;
		};
		1B61C485295FCDD8003B39BC /* Release */ = {
			isa = XCBuildConfiguration;
			buildSettings = {
				ALWAYS_EMBED_SWIFT_STANDARD_LIBRARIES = YES;
				ASSETCATALOG_COMPILER_APPICON_NAME = AppIcon;
				ASSETCATALOG_COMPILER_GLOBAL_ACCENT_COLOR_NAME = AccentColor;
				CODE_SIGN_ENTITLEMENTS = tabnewsios/tabnewsios.entitlements;
				CODE_SIGN_STYLE = Automatic;
				CURRENT_PROJECT_VERSION = 1;
				DEVELOPMENT_ASSET_PATHS = "\"tabnewsios/Preview Content\"";
				DEVELOPMENT_TEAM = YM283LC5H4;
				ENABLE_HARDENED_RUNTIME = YES;
				ENABLE_PREVIEWS = YES;
				GENERATE_INFOPLIST_FILE = YES;
				"INFOPLIST_KEY_UIApplicationSceneManifest_Generation[sdk=iphoneos*]" = YES;
				"INFOPLIST_KEY_UIApplicationSceneManifest_Generation[sdk=iphonesimulator*]" = YES;
				"INFOPLIST_KEY_UIApplicationSupportsIndirectInputEvents[sdk=iphoneos*]" = YES;
				"INFOPLIST_KEY_UIApplicationSupportsIndirectInputEvents[sdk=iphonesimulator*]" = YES;
				"INFOPLIST_KEY_UILaunchScreen_Generation[sdk=iphoneos*]" = YES;
				"INFOPLIST_KEY_UILaunchScreen_Generation[sdk=iphonesimulator*]" = YES;
				"INFOPLIST_KEY_UIStatusBarStyle[sdk=iphoneos*]" = UIStatusBarStyleDefault;
				"INFOPLIST_KEY_UIStatusBarStyle[sdk=iphonesimulator*]" = UIStatusBarStyleDefault;
				INFOPLIST_KEY_UISupportedInterfaceOrientations = UIInterfaceOrientationPortrait;
				IPHONEOS_DEPLOYMENT_TARGET = 16.2;
				LD_RUNPATH_SEARCH_PATHS = "@executable_path/Frameworks";
				"LD_RUNPATH_SEARCH_PATHS[sdk=macosx*]" = "@executable_path/../Frameworks";
				MACOSX_DEPLOYMENT_TARGET = 13.1;
				MARKETING_VERSION = 1.0;
				PRODUCT_BUNDLE_IDENTIFIER = luizmellodev.tabnewsios;
				PRODUCT_NAME = "$(TARGET_NAME)";
				SDKROOT = auto;
				SUPPORTED_PLATFORMS = "iphoneos iphonesimulator";
				SUPPORTS_MACCATALYST = NO;
				SUPPORTS_MAC_DESIGNED_FOR_IPHONE_IPAD = NO;
				SWIFT_EMIT_LOC_STRINGS = YES;
				SWIFT_VERSION = 5.0;
				TARGETED_DEVICE_FAMILY = "1,2";
			};
			name = Release;
		};
		1B61C499295FCEB6003B39BC /* Debug */ = {
			isa = XCBuildConfiguration;
			buildSettings = {
				ASSETCATALOG_COMPILER_APPICON_NAME = AppIcon;
				ASSETCATALOG_COMPILER_GLOBAL_ACCENT_COLOR_NAME = AccentColor;
				CODE_SIGN_STYLE = Automatic;
				CURRENT_PROJECT_VERSION = 1;
				DEVELOPMENT_ASSET_PATHS = "\"tabwatch Watch App/Preview Content\"";
				DEVELOPMENT_TEAM = YM283LC5H4;
				ENABLE_PREVIEWS = YES;
				GENERATE_INFOPLIST_FILE = YES;
				INFOPLIST_KEY_CFBundleDisplayName = tabwatch;
				INFOPLIST_KEY_UISupportedInterfaceOrientations = "UIInterfaceOrientationPortrait UIInterfaceOrientationPortraitUpsideDown";
				INFOPLIST_KEY_WKCompanionAppBundleIdentifier = luizmellodev.tabnewsios;
				LD_RUNPATH_SEARCH_PATHS = (
					"$(inherited)",
					"@executable_path/Frameworks",
				);
				MARKETING_VERSION = 1.0;
				PRODUCT_BUNDLE_IDENTIFIER = luizmellodev.tabnewsios.watchkitapp;
				PRODUCT_NAME = "$(TARGET_NAME)";
				SDKROOT = watchos;
				SKIP_INSTALL = YES;
				SWIFT_EMIT_LOC_STRINGS = YES;
				SWIFT_VERSION = 5.0;
				TARGETED_DEVICE_FAMILY = 4;
				WATCHOS_DEPLOYMENT_TARGET = 9.1;
			};
			name = Debug;
		};
		1B61C49A295FCEB6003B39BC /* Release */ = {
			isa = XCBuildConfiguration;
			buildSettings = {
				ASSETCATALOG_COMPILER_APPICON_NAME = AppIcon;
				ASSETCATALOG_COMPILER_GLOBAL_ACCENT_COLOR_NAME = AccentColor;
				CODE_SIGN_STYLE = Automatic;
				CURRENT_PROJECT_VERSION = 1;
				DEVELOPMENT_ASSET_PATHS = "\"tabwatch Watch App/Preview Content\"";
				DEVELOPMENT_TEAM = YM283LC5H4;
				ENABLE_PREVIEWS = YES;
				GENERATE_INFOPLIST_FILE = YES;
				INFOPLIST_KEY_CFBundleDisplayName = tabwatch;
				INFOPLIST_KEY_UISupportedInterfaceOrientations = "UIInterfaceOrientationPortrait UIInterfaceOrientationPortraitUpsideDown";
				INFOPLIST_KEY_WKCompanionAppBundleIdentifier = luizmellodev.tabnewsios;
				LD_RUNPATH_SEARCH_PATHS = (
					"$(inherited)",
					"@executable_path/Frameworks",
				);
				MARKETING_VERSION = 1.0;
				PRODUCT_BUNDLE_IDENTIFIER = luizmellodev.tabnewsios.watchkitapp;
				PRODUCT_NAME = "$(TARGET_NAME)";
				SDKROOT = watchos;
				SKIP_INSTALL = YES;
				SWIFT_EMIT_LOC_STRINGS = YES;
				SWIFT_VERSION = 5.0;
				TARGETED_DEVICE_FAMILY = 4;
				VALIDATE_PRODUCT = YES;
				WATCHOS_DEPLOYMENT_TARGET = 9.1;
			};
			name = Release;
		};
/* End XCBuildConfiguration section */

/* Begin XCConfigurationList section */
		1B61C46F295FCDD6003B39BC /* Build configuration list for PBXProject "tabnewsios" */ = {
			isa = XCConfigurationList;
			buildConfigurations = (
				1B61C481295FCDD8003B39BC /* Debug */,
				1B61C482295FCDD8003B39BC /* Release */,
			);
			defaultConfigurationIsVisible = 0;
			defaultConfigurationName = Release;
		};
		1B61C483295FCDD8003B39BC /* Build configuration list for PBXNativeTarget "tabnewsios" */ = {
			isa = XCConfigurationList;
			buildConfigurations = (
				1B61C484295FCDD8003B39BC /* Debug */,
				1B61C485295FCDD8003B39BC /* Release */,
			);
			defaultConfigurationIsVisible = 0;
			defaultConfigurationName = Release;
		};
		1B61C498295FCEB6003B39BC /* Build configuration list for PBXNativeTarget "tabwatch Watch App" */ = {
			isa = XCConfigurationList;
			buildConfigurations = (
				1B61C499295FCEB6003B39BC /* Debug */,
				1B61C49A295FCEB6003B39BC /* Release */,
			);
			defaultConfigurationIsVisible = 0;
			defaultConfigurationName = Release;
		};
/* End XCConfigurationList section */

/* Begin XCRemoteSwiftPackageReference section */
		1B7CD8AA2960BC89007F30F3 /* XCRemoteSwiftPackageReference "SwiftUISnackbar" */ = {
			isa = XCRemoteSwiftPackageReference;
			repositoryURL = "https://github.com/ZaniLuca/SwiftUISnackbar";
			requirement = {
				branch = main;
				kind = branch;
			};
		};
/* End XCRemoteSwiftPackageReference section */

/* Begin XCSwiftPackageProductDependency section */
		1B7CD8AB2960BC89007F30F3 /* SwiftUISnackbar */ = {
			isa = XCSwiftPackageProductDependency;
			package = 1B7CD8AA2960BC89007F30F3 /* XCRemoteSwiftPackageReference "SwiftUISnackbar" */;
			productName = SwiftUISnackbar;
		};
/* End XCSwiftPackageProductDependency section */
	};
	rootObject = 1B61C46C295FCDD6003B39BC /* Project object */;
}
